// !$*UTF8*$!
{
	archiveVersion = 1;
	classes = {
	};
	objectVersion = 46;
	objects = {

/* Begin PBXBuildFile section */
		AD680B9EA2334419B62B6071 /* libPods.a in Frameworks */ = {isa = PBXBuildFile; fileRef = 7C8522460DCD4D2A91532B44 /* libPods.a */; };
		CC21591E194CCFAE00E70F9D /* Podfile.lock in Resources */ = {isa = PBXBuildFile; fileRef = CC21591D194CCFAE00E70F9D /* Podfile.lock */; };
		CC74AF561940211C00F416B7 /* MoviesViewController.m in Sources */ = {isa = PBXBuildFile; fileRef = CC74AF541940211C00F416B7 /* MoviesViewController.m */; };
		CC74AF571940211C00F416B7 /* MoviesViewController.xib in Resources */ = {isa = PBXBuildFile; fileRef = CC74AF551940211C00F416B7 /* MoviesViewController.xib */; };
		CC74AF5B1940288500F416B7 /* MovieCell.m in Sources */ = {isa = PBXBuildFile; fileRef = CC74AF591940288500F416B7 /* MovieCell.m */; };
		CC74AF5C1940288500F416B7 /* MovieCell.xib in Resources */ = {isa = PBXBuildFile; fileRef = CC74AF5A1940288500F416B7 /* MovieCell.xib */; };
		CCBB890919418EA300CA9450 /* MovieDetailsViewController.m in Sources */ = {isa = PBXBuildFile; fileRef = CCBB890719418EA300CA9450 /* MovieDetailsViewController.m */; };
		CCBB890A19418EA300CA9450 /* MovieDetailsViewController.xib in Resources */ = {isa = PBXBuildFile; fileRef = CCBB890819418EA300CA9450 /* MovieDetailsViewController.xib */; };
		CCBCC5A9194574730083BED4 /* rotten_tomatoes_demo.gif in Resources */ = {isa = PBXBuildFile; fileRef = CCBCC5A8194574730083BED4 /* rotten_tomatoes_demo.gif */; };
		CCC35DD719451C5E000A7DD1 /* SystemConfiguration.framework in Frameworks */ = {isa = PBXBuildFile; fileRef = CCC35DD619451C5E000A7DD1 /* SystemConfiguration.framework */; };
		CCC39E4619429BB0003DA3BF /* Movie.m in Sources */ = {isa = PBXBuildFile; fileRef = CCC39E4519429BB0003DA3BF /* Movie.m */; };
		CCC799B719455EF700466515 /* QuartzCore.framework in Frameworks */ = {isa = PBXBuildFile; fileRef = CCC799B619455EF700466515 /* QuartzCore.framework */; };
		CCC799B9194573CF00466515 /* README.md in Resources */ = {isa = PBXBuildFile; fileRef = CCC799B8194573CF00466515 /* README.md */; };
		CCD5B6E419401F300052B571 /* Foundation.framework in Frameworks */ = {isa = PBXBuildFile; fileRef = CCD5B6E319401F300052B571 /* Foundation.framework */; };
		CCD5B6E619401F300052B571 /* CoreGraphics.framework in Frameworks */ = {isa = PBXBuildFile; fileRef = CCD5B6E519401F300052B571 /* CoreGraphics.framework */; };
		CCD5B6E819401F300052B571 /* UIKit.framework in Frameworks */ = {isa = PBXBuildFile; fileRef = CCD5B6E719401F300052B571 /* UIKit.framework */; };
		CCD5B6EE19401F300052B571 /* InfoPlist.strings in Resources */ = {isa = PBXBuildFile; fileRef = CCD5B6EC19401F300052B571 /* InfoPlist.strings */; };
		CCD5B6F019401F300052B571 /* main.m in Sources */ = {isa = PBXBuildFile; fileRef = CCD5B6EF19401F300052B571 /* main.m */; };
		CCD5B6F419401F300052B571 /* AppDelegate.m in Sources */ = {isa = PBXBuildFile; fileRef = CCD5B6F319401F300052B571 /* AppDelegate.m */; };
		CCD5B6F619401F300052B571 /* Images.xcassets in Resources */ = {isa = PBXBuildFile; fileRef = CCD5B6F519401F300052B571 /* Images.xcassets */; };
		CCD5B6FD19401F300052B571 /* XCTest.framework in Frameworks */ = {isa = PBXBuildFile; fileRef = CCD5B6FC19401F300052B571 /* XCTest.framework */; };
		CCD5B6FE19401F300052B571 /* Foundation.framework in Frameworks */ = {isa = PBXBuildFile; fileRef = CCD5B6E319401F300052B571 /* Foundation.framework */; };
		CCD5B6FF19401F300052B571 /* UIKit.framework in Frameworks */ = {isa = PBXBuildFile; fileRef = CCD5B6E719401F300052B571 /* UIKit.framework */; };
		CCD5B70719401F300052B571 /* InfoPlist.strings in Resources */ = {isa = PBXBuildFile; fileRef = CCD5B70519401F300052B571 /* InfoPlist.strings */; };
		CCD5B70919401F300052B571 /* RottenTomatoesDemoTests.m in Sources */ = {isa = PBXBuildFile; fileRef = CCD5B70819401F300052B571 /* RottenTomatoesDemoTests.m */; };
/* End PBXBuildFile section */

/* Begin PBXContainerItemProxy section */
		CCD5B70019401F300052B571 /* PBXContainerItemProxy */ = {
			isa = PBXContainerItemProxy;
			containerPortal = CCD5B6D819401F300052B571 /* Project object */;
			proxyType = 1;
			remoteGlobalIDString = CCD5B6DF19401F300052B571;
			remoteInfo = RottenTomatoesDemo;
		};
/* End PBXContainerItemProxy section */

/* Begin PBXFileReference section */
		7C8522460DCD4D2A91532B44 /* libPods.a */ = {isa = PBXFileReference; explicitFileType = archive.ar; includeInIndex = 0; path = libPods.a; sourceTree = BUILT_PRODUCTS_DIR; };
		BCE3FC245E1647A6AF9DD5CA /* Pods.xcconfig */ = {isa = PBXFileReference; includeInIndex = 1; lastKnownFileType = text.xcconfig; name = Pods.xcconfig; path = Pods/Pods.xcconfig; sourceTree = "<group>"; };
		CC21591D194CCFAE00E70F9D /* Podfile.lock */ = {isa = PBXFileReference; fileEncoding = 4; lastKnownFileType = text; path = Podfile.lock; sourceTree = "<group>"; };
		CC74AF531940211C00F416B7 /* MoviesViewController.h */ = {isa = PBXFileReference; fileEncoding = 4; lastKnownFileType = sourcecode.c.h; path = MoviesViewController.h; sourceTree = "<group>"; };
		CC74AF541940211C00F416B7 /* MoviesViewController.m */ = {isa = PBXFileReference; fileEncoding = 4; lastKnownFileType = sourcecode.c.objc; path = MoviesViewController.m; sourceTree = "<group>"; };
		CC74AF551940211C00F416B7 /* MoviesViewController.xib */ = {isa = PBXFileReference; fileEncoding = 4; lastKnownFileType = file.xib; path = MoviesViewController.xib; sourceTree = "<group>"; };
		CC74AF581940288500F416B7 /* MovieCell.h */ = {isa = PBXFileReference; fileEncoding = 4; lastKnownFileType = sourcecode.c.h; path = MovieCell.h; sourceTree = "<group>"; };
		CC74AF591940288500F416B7 /* MovieCell.m */ = {isa = PBXFileReference; fileEncoding = 4; lastKnownFileType = sourcecode.c.objc; path = MovieCell.m; sourceTree = "<group>"; };
		CC74AF5A1940288500F416B7 /* MovieCell.xib */ = {isa = PBXFileReference; fileEncoding = 4; lastKnownFileType = file.xib; path = MovieCell.xib; sourceTree = "<group>"; };
		CCBB890619418EA300CA9450 /* MovieDetailsViewController.h */ = {isa = PBXFileReference; fileEncoding = 4; lastKnownFileType = sourcecode.c.h; path = MovieDetailsViewController.h; sourceTree = "<group>"; };
		CCBB890719418EA300CA9450 /* MovieDetailsViewController.m */ = {isa = PBXFileReference; fileEncoding = 4; lastKnownFileType = sourcecode.c.objc; path = MovieDetailsViewController.m; sourceTree = "<group>"; };
		CCBB890819418EA300CA9450 /* MovieDetailsViewController.xib */ = {isa = PBXFileReference; fileEncoding = 4; lastKnownFileType = file.xib; path = MovieDetailsViewController.xib; sourceTree = "<group>"; };
		CCBCC5A8194574730083BED4 /* rotten_tomatoes_demo.gif */ = {isa = PBXFileReference; lastKnownFileType = image.gif; path = rotten_tomatoes_demo.gif; sourceTree = "<group>"; };
		CCC35DD619451C5E000A7DD1 /* SystemConfiguration.framework */ = {isa = PBXFileReference; lastKnownFileType = wrapper.framework; name = SystemConfiguration.framework; path = System/Library/Frameworks/SystemConfiguration.framework; sourceTree = SDKROOT; };
		CCC39E4419429BB0003DA3BF /* Movie.h */ = {isa = PBXFileReference; fileEncoding = 4; lastKnownFileType = sourcecode.c.h; path = Movie.h; sourceTree = "<group>"; };
		CCC39E4519429BB0003DA3BF /* Movie.m */ = {isa = PBXFileReference; fileEncoding = 4; lastKnownFileType = sourcecode.c.objc; path = Movie.m; sourceTree = "<group>"; };
		CCC799B619455EF700466515 /* QuartzCore.framework */ = {isa = PBXFileReference; lastKnownFileType = wrapper.framework; name = QuartzCore.framework; path = System/Library/Frameworks/QuartzCore.framework; sourceTree = SDKROOT; };
		CCC799B8194573CF00466515 /* README.md */ = {isa = PBXFileReference; fileEncoding = 4; lastKnownFileType = text; path = README.md; sourceTree = "<group>"; };
		CCD5B6E019401F300052B571 /* RottenTomatoesDemo.app */ = {isa = PBXFileReference; explicitFileType = wrapper.application; includeInIndex = 0; path = RottenTomatoesDemo.app; sourceTree = BUILT_PRODUCTS_DIR; };
		CCD5B6E319401F300052B571 /* Foundation.framework */ = {isa = PBXFileReference; lastKnownFileType = wrapper.framework; name = Foundation.framework; path = System/Library/Frameworks/Foundation.framework; sourceTree = SDKROOT; };
		CCD5B6E519401F300052B571 /* CoreGraphics.framework */ = {isa = PBXFileReference; lastKnownFileType = wrapper.framework; name = CoreGraphics.framework; path = System/Library/Frameworks/CoreGraphics.framework; sourceTree = SDKROOT; };
		CCD5B6E719401F300052B571 /* UIKit.framework */ = {isa = PBXFileReference; lastKnownFileType = wrapper.framework; name = UIKit.framework; path = System/Library/Frameworks/UIKit.framework; sourceTree = SDKROOT; };
		CCD5B6EB19401F300052B571 /* RottenTomatoesDemo-Info.plist */ = {isa = PBXFileReference; lastKnownFileType = text.plist.xml; path = "RottenTomatoesDemo-Info.plist"; sourceTree = "<group>"; };
		CCD5B6ED19401F300052B571 /* en */ = {isa = PBXFileReference; lastKnownFileType = text.plist.strings; name = en; path = en.lproj/InfoPlist.strings; sourceTree = "<group>"; };
		CCD5B6EF19401F300052B571 /* main.m */ = {isa = PBXFileReference; lastKnownFileType = sourcecode.c.objc; path = main.m; sourceTree = "<group>"; };
		CCD5B6F119401F300052B571 /* RottenTomatoesDemo-Prefix.pch */ = {isa = PBXFileReference; lastKnownFileType = sourcecode.c.h; path = "RottenTomatoesDemo-Prefix.pch"; sourceTree = "<group>"; };
		CCD5B6F219401F300052B571 /* AppDelegate.h */ = {isa = PBXFileReference; lastKnownFileType = sourcecode.c.h; path = AppDelegate.h; sourceTree = "<group>"; };
		CCD5B6F319401F300052B571 /* AppDelegate.m */ = {isa = PBXFileReference; lastKnownFileType = sourcecode.c.objc; path = AppDelegate.m; sourceTree = "<group>"; };
		CCD5B6F519401F300052B571 /* Images.xcassets */ = {isa = PBXFileReference; lastKnownFileType = folder.assetcatalog; path = Images.xcassets; sourceTree = "<group>"; };
		CCD5B6FB19401F300052B571 /* RottenTomatoesDemoTests.xctest */ = {isa = PBXFileReference; explicitFileType = wrapper.cfbundle; includeInIndex = 0; path = RottenTomatoesDemoTests.xctest; sourceTree = BUILT_PRODUCTS_DIR; };
		CCD5B6FC19401F300052B571 /* XCTest.framework */ = {isa = PBXFileReference; lastKnownFileType = wrapper.framework; name = XCTest.framework; path = Library/Frameworks/XCTest.framework; sourceTree = DEVELOPER_DIR; };
		CCD5B70419401F300052B571 /* RottenTomatoesDemoTests-Info.plist */ = {isa = PBXFileReference; lastKnownFileType = text.plist.xml; path = "RottenTomatoesDemoTests-Info.plist"; sourceTree = "<group>"; };
		CCD5B70619401F300052B571 /* en */ = {isa = PBXFileReference; lastKnownFileType = text.plist.strings; name = en; path = en.lproj/InfoPlist.strings; sourceTree = "<group>"; };
		CCD5B70819401F300052B571 /* RottenTomatoesDemoTests.m */ = {isa = PBXFileReference; lastKnownFileType = sourcecode.c.objc; path = RottenTomatoesDemoTests.m; sourceTree = "<group>"; };
/* End PBXFileReference section */

/* Begin PBXFrameworksBuildPhase section */
		CCD5B6DD19401F300052B571 /* Frameworks */ = {
			isa = PBXFrameworksBuildPhase;
			buildActionMask = 2147483647;
			files = (
				CCC799B719455EF700466515 /* QuartzCore.framework in Frameworks */,
				CCC35DD719451C5E000A7DD1 /* SystemConfiguration.framework in Frameworks */,
				CCD5B6E619401F300052B571 /* CoreGraphics.framework in Frameworks */,
				CCD5B6E819401F300052B571 /* UIKit.framework in Frameworks */,
				CCD5B6E419401F300052B571 /* Foundation.framework in Frameworks */,
				AD680B9EA2334419B62B6071 /* libPods.a in Frameworks */,
			);
			runOnlyForDeploymentPostprocessing = 0;
		};
		CCD5B6F819401F300052B571 /* Frameworks */ = {
			isa = PBXFrameworksBuildPhase;
			buildActionMask = 2147483647;
			files = (
				CCD5B6FD19401F300052B571 /* XCTest.framework in Frameworks */,
				CCD5B6FF19401F300052B571 /* UIKit.framework in Frameworks */,
				CCD5B6FE19401F300052B571 /* Foundation.framework in Frameworks */,
			);
			runOnlyForDeploymentPostprocessing = 0;
		};
/* End PBXFrameworksBuildPhase section */

/* Begin PBXGroup section */
		CCD5B6D719401F300052B571 = {
			isa = PBXGroup;
			children = (
				CC21591D194CCFAE00E70F9D /* Podfile.lock */,
				CCBCC5A8194574730083BED4 /* rotten_tomatoes_demo.gif */,
				CCC799B8194573CF00466515 /* README.md */,
				CCD5B6E919401F300052B571 /* RottenTomatoesDemo */,
				CCD5B70219401F300052B571 /* RottenTomatoesDemoTests */,
				CCD5B6E219401F300052B571 /* Frameworks */,
				CCD5B6E119401F300052B571 /* Products */,
				BCE3FC245E1647A6AF9DD5CA /* Pods.xcconfig */,
			);
			sourceTree = "<group>";
		};
		CCD5B6E119401F300052B571 /* Products */ = {
			isa = PBXGroup;
			children = (
				CCD5B6E019401F300052B571 /* RottenTomatoesDemo.app */,
				CCD5B6FB19401F300052B571 /* RottenTomatoesDemoTests.xctest */,
			);
			name = Products;
			sourceTree = "<group>";
		};
		CCD5B6E219401F300052B571 /* Frameworks */ = {
			isa = PBXGroup;
			children = (
				CCC799B619455EF700466515 /* QuartzCore.framework */,
				CCC35DD619451C5E000A7DD1 /* SystemConfiguration.framework */,
				CCD5B6E319401F300052B571 /* Foundation.framework */,
				CCD5B6E519401F300052B571 /* CoreGraphics.framework */,
				CCD5B6E719401F300052B571 /* UIKit.framework */,
				CCD5B6FC19401F300052B571 /* XCTest.framework */,
				7C8522460DCD4D2A91532B44 /* libPods.a */,
			);
			name = Frameworks;
			sourceTree = "<group>";
		};
		CCD5B6E919401F300052B571 /* RottenTomatoesDemo */ = {
			isa = PBXGroup;
			children = (
				CCD5B6F219401F300052B571 /* AppDelegate.h */,
				CCD5B6F319401F300052B571 /* AppDelegate.m */,
				CCD5B6F519401F300052B571 /* Images.xcassets */,
				CCD5B6EA19401F300052B571 /* Supporting Files */,
				CC74AF531940211C00F416B7 /* MoviesViewController.h */,
				CC74AF541940211C00F416B7 /* MoviesViewController.m */,
				CC74AF551940211C00F416B7 /* MoviesViewController.xib */,
				CC74AF581940288500F416B7 /* MovieCell.h */,
				CC74AF591940288500F416B7 /* MovieCell.m */,
				CC74AF5A1940288500F416B7 /* MovieCell.xib */,
				CCBB890619418EA300CA9450 /* MovieDetailsViewController.h */,
				CCBB890719418EA300CA9450 /* MovieDetailsViewController.m */,
				CCBB890819418EA300CA9450 /* MovieDetailsViewController.xib */,
				CCC39E4419429BB0003DA3BF /* Movie.h */,
				CCC39E4519429BB0003DA3BF /* Movie.m */,
			);
			path = RottenTomatoesDemo;
			sourceTree = "<group>";
		};
		CCD5B6EA19401F300052B571 /* Supporting Files */ = {
			isa = PBXGroup;
			children = (
				CCD5B6EB19401F300052B571 /* RottenTomatoesDemo-Info.plist */,
				CCD5B6EC19401F300052B571 /* InfoPlist.strings */,
				CCD5B6EF19401F300052B571 /* main.m */,
				CCD5B6F119401F300052B571 /* RottenTomatoesDemo-Prefix.pch */,
			);
			name = "Supporting Files";
			sourceTree = "<group>";
		};
		CCD5B70219401F300052B571 /* RottenTomatoesDemoTests */ = {
			isa = PBXGroup;
			children = (
				CCD5B70819401F300052B571 /* RottenTomatoesDemoTests.m */,
				CCD5B70319401F300052B571 /* Supporting Files */,
			);
			path = RottenTomatoesDemoTests;
			sourceTree = "<group>";
		};
		CCD5B70319401F300052B571 /* Supporting Files */ = {
			isa = PBXGroup;
			children = (
				CCD5B70419401F300052B571 /* RottenTomatoesDemoTests-Info.plist */,
				CCD5B70519401F300052B571 /* InfoPlist.strings */,
			);
			name = "Supporting Files";
			sourceTree = "<group>";
		};
/* End PBXGroup section */

/* Begin PBXNativeTarget section */
		CCD5B6DF19401F300052B571 /* RottenTomatoesDemo */ = {
			isa = PBXNativeTarget;
			buildConfigurationList = CCD5B70C19401F300052B571 /* Build configuration list for PBXNativeTarget "RottenTomatoesDemo" */;
			buildPhases = (
				B3B71D76E95F470893038F2E /* Check Pods Manifest.lock */,
				CCD5B6DC19401F300052B571 /* Sources */,
				CCD5B6DD19401F300052B571 /* Frameworks */,
				CCD5B6DE19401F300052B571 /* Resources */,
				A0B804BCEAEC410C90F1E745 /* Copy Pods Resources */,
			);
			buildRules = (
			);
			dependencies = (
			);
			name = RottenTomatoesDemo;
			productName = RottenTomatoesDemo;
			productReference = CCD5B6E019401F300052B571 /* RottenTomatoesDemo.app */;
			productType = "com.apple.product-type.application";
		};
		CCD5B6FA19401F300052B571 /* RottenTomatoesDemoTests */ = {
			isa = PBXNativeTarget;
			buildConfigurationList = CCD5B70F19401F300052B571 /* Build configuration list for PBXNativeTarget "RottenTomatoesDemoTests" */;
			buildPhases = (
				CCD5B6F719401F300052B571 /* Sources */,
				CCD5B6F819401F300052B571 /* Frameworks */,
				CCD5B6F919401F300052B571 /* Resources */,
			);
			buildRules = (
			);
			dependencies = (
				CCD5B70119401F300052B571 /* PBXTargetDependency */,
			);
			name = RottenTomatoesDemoTests;
			productName = RottenTomatoesDemoTests;
			productReference = CCD5B6FB19401F300052B571 /* RottenTomatoesDemoTests.xctest */;
			productType = "com.apple.product-type.bundle.unit-test";
		};
/* End PBXNativeTarget section */

/* Begin PBXProject section */
		CCD5B6D819401F300052B571 /* Project object */ = {
			isa = PBXProject;
			attributes = {
				LastUpgradeCheck = 0510;
				ORGANIZATIONNAME = "yahoo inc";
				TargetAttributes = {
					CCD5B6FA19401F300052B571 = {
						TestTargetID = CCD5B6DF19401F300052B571;
					};
				};
			};
			buildConfigurationList = CCD5B6DB19401F300052B571 /* Build configuration list for PBXProject "RottenTomatoesDemo" */;
			compatibilityVersion = "Xcode 3.2";
			developmentRegion = English;
			hasScannedForEncodings = 0;
			knownRegions = (
				en,
			);
			mainGroup = CCD5B6D719401F300052B571;
			productRefGroup = CCD5B6E119401F300052B571 /* Products */;
			projectDirPath = "";
			projectRoot = "";
			targets = (
				CCD5B6DF19401F300052B571 /* RottenTomatoesDemo */,
				CCD5B6FA19401F300052B571 /* RottenTomatoesDemoTests */,
			);
		};
/* End PBXProject section */

/* Begin PBXResourcesBuildPhase section */
		CCD5B6DE19401F300052B571 /* Resources */ = {
			isa = PBXResourcesBuildPhase;
			buildActionMask = 2147483647;
			files = (
				CCBCC5A9194574730083BED4 /* rotten_tomatoes_demo.gif in Resources */,
				CCC799B9194573CF00466515 /* README.md in Resources */,
				CCD5B6EE19401F300052B571 /* InfoPlist.strings in Resources */,
				CC74AF571940211C00F416B7 /* MoviesViewController.xib in Resources */,
				CC74AF5C1940288500F416B7 /* MovieCell.xib in Resources */,
				CCD5B6F619401F300052B571 /* Images.xcassets in Resources */,
				CC21591E194CCFAE00E70F9D /* Podfile.lock in Resources */,
				CCBB890A19418EA300CA9450 /* MovieDetailsViewController.xib in Resources */,
			);
			runOnlyForDeploymentPostprocessing = 0;
		};
		CCD5B6F919401F300052B571 /* Resources */ = {
			isa = PBXResourcesBuildPhase;
			buildActionMask = 2147483647;
			files = (
				CCD5B70719401F300052B571 /* InfoPlist.strings in Resources */,
			);
			runOnlyForDeploymentPostprocessing = 0;
		};
/* End PBXResourcesBuildPhase section */

/* Begin PBXShellScriptBuildPhase section */
		A0B804BCEAEC410C90F1E745 /* Copy Pods Resources */ = {
			isa = PBXShellScriptBuildPhase;
			buildActionMask = 2147483647;
			files = (
			);
			inputPaths = (
			);
			name = "Copy Pods Resources";
			outputPaths = (
			);
			runOnlyForDeploymentPostprocessing = 0;
			shellPath = /bin/sh;
			shellScript = "\"${SRCROOT}/Pods/Pods-resources.sh\"\n";
			showEnvVarsInLog = 0;
		};
		B3B71D76E95F470893038F2E /* Check Pods Manifest.lock */ = {
			isa = PBXShellScriptBuildPhase;
			buildActionMask = 2147483647;
			files = (
			);
			inputPaths = (
			);
			name = "Check Pods Manifest.lock";
			outputPaths = (
			);
			runOnlyForDeploymentPostprocessing = 0;
			shellPath = /bin/sh;
			shellScript = "diff \"${PODS_ROOT}/../Podfile.lock\" \"${PODS_ROOT}/Manifest.lock\" > /dev/null\nif [[ $? != 0 ]] ; then\n    cat << EOM\nerror: The sandbox is not in sync with the Podfile.lock. Run 'pod install' or update your CocoaPods installation.\nEOM\n    exit 1\nfi\n";
			showEnvVarsInLog = 0;
		};
/* End PBXShellScriptBuildPhase section */

/* Begin PBXSourcesBuildPhase section */
		CCD5B6DC19401F300052B571 /* Sources */ = {
			isa = PBXSourcesBuildPhase;
			buildActionMask = 2147483647;
			files = (
				CCC39E4619429BB0003DA3BF /* Movie.m in Sources */,
				CCBB890919418EA300CA9450 /* MovieDetailsViewController.m in Sources */,
				CC74AF561940211C00F416B7 /* MoviesViewController.m in Sources */,
				CCD5B6F419401F300052B571 /* AppDelegate.m in Sources */,
				CC74AF5B1940288500F416B7 /* MovieCell.m in Sources */,
				CCD5B6F019401F300052B571 /* main.m in Sources */,
			);
			runOnlyForDeploymentPostprocessing = 0;
		};
		CCD5B6F719401F300052B571 /* Sources */ = {
			isa = PBXSourcesBuildPhase;
			buildActionMask = 2147483647;
			files = (
				CCD5B70919401F300052B571 /* RottenTomatoesDemoTests.m in Sources */,
			);
			runOnlyForDeploymentPostprocessing = 0;
		};
/* End PBXSourcesBuildPhase section */

/* Begin PBXTargetDependency section */
		CCD5B70119401F300052B571 /* PBXTargetDependency */ = {
			isa = PBXTargetDependency;
			target = CCD5B6DF19401F300052B571 /* RottenTomatoesDemo */;
			targetProxy = CCD5B70019401F300052B571 /* PBXContainerItemProxy */;
		};
/* End PBXTargetDependency section */

/* Begin PBXVariantGroup section */
		CCD5B6EC19401F300052B571 /* InfoPlist.strings */ = {
			isa = PBXVariantGroup;
			children = (
				CCD5B6ED19401F300052B571 /* en */,
			);
			name = InfoPlist.strings;
			sourceTree = "<group>";
		};
		CCD5B70519401F300052B571 /* InfoPlist.strings */ = {
			isa = PBXVariantGroup;
			children = (
				CCD5B70619401F300052B571 /* en */,
			);
			name = InfoPlist.strings;
			sourceTree = "<group>";
		};
/* End PBXVariantGroup section */

/* Begin XCBuildConfiguration section */
		CCD5B70A19401F300052B571 /* Debug */ = {
			isa = XCBuildConfiguration;
			buildSettings = {
				ALWAYS_SEARCH_USER_PATHS = NO;
				CLANG_CXX_LANGUAGE_STANDARD = "gnu++0x";
				CLANG_CXX_LIBRARY = "libc++";
				CLANG_ENABLE_MODULES = YES;
				CLANG_ENABLE_OBJC_ARC = YES;
				CLANG_WARN_BOOL_CONVERSION = YES;
				CLANG_WARN_CONSTANT_CONVERSION = YES;
				CLANG_WARN_DIRECT_OBJC_ISA_USAGE = YES_ERROR;
				CLANG_WARN_EMPTY_BODY = YES;
				CLANG_WARN_ENUM_CONVERSION = YES;
				CLANG_WARN_INT_CONVERSION = YES;
				CLANG_WARN_OBJC_ROOT_CLASS = YES_ERROR;
				CLANG_WARN__DUPLICATE_METHOD_MATCH = YES;
				"CODE_SIGN_IDENTITY[sdk=iphoneos*]" = "iPhone Developer";
				COPY_PHASE_STRIP = NO;
				GCC_C_LANGUAGE_STANDARD = gnu99;
				GCC_DYNAMIC_NO_PIC = NO;
				GCC_OPTIMIZATION_LEVEL = 0;
				GCC_PREPROCESSOR_DEFINITIONS = (
					"DEBUG=1",
					"$(inherited)",
				);
				GCC_SYMBOLS_PRIVATE_EXTERN = NO;
				GCC_WARN_64_TO_32_BIT_CONVERSION = YES;
				GCC_WARN_ABOUT_RETURN_TYPE = YES_ERROR;
				GCC_WARN_UNDECLARED_SELECTOR = YES;
				GCC_WARN_UNINITIALIZED_AUTOS = YES_AGGRESSIVE;
				GCC_WARN_UNUSED_FUNCTION = YES;
				GCC_WARN_UNUSED_VARIABLE = YES;
				IPHONEOS_DEPLOYMENT_TARGET = 7.1;
				ONLY_ACTIVE_ARCH = YES;
				SDKROOT = iphoneos;
			};
			name = Debug;
		};
		CCD5B70B19401F300052B571 /* Release */ = {
			isa = XCBuildConfiguration;
			buildSettings = {
				ALWAYS_SEARCH_USER_PATHS = NO;
				CLANG_CXX_LANGUAGE_STANDARD = "gnu++0x";
				CLANG_CXX_LIBRARY = "libc++";
				CLANG_ENABLE_MODULES = YES;
				CLANG_ENABLE_OBJC_ARC = YES;
				CLANG_WARN_BOOL_CONVERSION = YES;
				CLANG_WARN_CONSTANT_CONVERSION = YES;
				CLANG_WARN_DIRECT_OBJC_ISA_USAGE = YES_ERROR;
				CLANG_WARN_EMPTY_BODY = YES;
				CLANG_WARN_ENUM_CONVERSION = YES;
				CLANG_WARN_INT_CONVERSION = YES;
				CLANG_WARN_OBJC_ROOT_CLASS = YES_ERROR;
				CLANG_WARN__DUPLICATE_METHOD_MATCH = YES;
				"CODE_SIGN_IDENTITY[sdk=iphoneos*]" = "iPhone Developer";
				COPY_PHASE_STRIP = YES;
				ENABLE_NS_ASSERTIONS = NO;
				GCC_C_LANGUAGE_STANDARD = gnu99;
				GCC_WARN_64_TO_32_BIT_CONVERSION = YES;
				GCC_WARN_ABOUT_RETURN_TYPE = YES_ERROR;
				GCC_WARN_UNDECLARED_SELECTOR = YES;
				GCC_WARN_UNINITIALIZED_AUTOS = YES_AGGRESSIVE;
				GCC_WARN_UNUSED_FUNCTION = YES;
				GCC_WARN_UNUSED_VARIABLE = YES;
				IPHONEOS_DEPLOYMENT_TARGET = 7.1;
				SDKROOT = iphoneos;
				VALIDATE_PRODUCT = YES;
			};
			name = Release;
		};
		CCD5B70D19401F300052B571 /* Debug */ = {
			isa = XCBuildConfiguration;
			baseConfigurationReference = BCE3FC245E1647A6AF9DD5CA /* Pods.xcconfig */;
			buildSettings = {
				ASSETCATALOG_COMPILER_APPICON_NAME = AppIcon;
				ASSETCATALOG_COMPILER_LAUNCHIMAGE_NAME = LaunchImage;
				GCC_PRECOMPILE_PREFIX_HEADER = YES;
				GCC_PREFIX_HEADER = "RottenTomatoesDemo/RottenTomatoesDemo-Prefix.pch";
				INFOPLIST_FILE = "RottenTomatoesDemo/RottenTomatoesDemo-Info.plist";
				PRODUCT_NAME = "$(TARGET_NAME)";
				WRAPPER_EXTENSION = app;
			};
			name = Debug;
		};
		CCD5B70E19401F300052B571 /* Release */ = {
			isa = XCBuildConfiguration;
			baseConfigurationReference = BCE3FC245E1647A6AF9DD5CA /* Pods.xcconfig */;
			buildSettings = {
				ASSETCATALOG_COMPILER_APPICON_NAME = AppIcon;
				ASSETCATALOG_COMPILER_LAUNCHIMAGE_NAME = LaunchImage;
				GCC_PRECOMPILE_PREFIX_HEADER = YES;
				GCC_PREFIX_HEADER = "RottenTomatoesDemo/RottenTomatoesDemo-Prefix.pch";
				INFOPLIST_FILE = "RottenTomatoesDemo/RottenTomatoesDemo-Info.plist";
				PRODUCT_NAME = "$(TARGET_NAME)";
				WRAPPER_EXTENSION = app;
			};
			name = Release;
		};
		CCD5B71019401F300052B571 /* Debug */ = {
			isa = XCBuildConfiguration;
			buildSettings = {
				BUNDLE_LOADER = "$(BUILT_PRODUCTS_DIR)/RottenTomatoesDemo.app/RottenTomatoesDemo";
				FRAMEWORK_SEARCH_PATHS = (
					"$(SDKROOT)/Developer/Library/Frameworks",
					"$(inherited)",
					"$(DEVELOPER_FRAMEWORKS_DIR)",
				);
				GCC_PRECOMPILE_PREFIX_HEADER = YES;
				GCC_PREFIX_HEADER = "RottenTomatoesDemo/RottenTomatoesDemo-Prefix.pch";
				GCC_PREPROCESSOR_DEFINITIONS = (
					"DEBUG=1",
					"$(inherited)",
				);
				INFOPLIST_FILE = "RottenTomatoesDemoTests/RottenTomatoesDemoTests-Info.plist";
				PRODUCT_NAME = "$(TARGET_NAME)";
				TEST_HOST = "$(BUNDLE_LOADER)";
				WRAPPER_EXTENSION = xctest;
			};
			name = Debug;
		};
		CCD5B71119401F300052B571 /* Release */ = {
			isa = XCBuildConfiguration;
			buildSettings = {
				BUNDLE_LOADER = "$(BUILT_PRODUCTS_DIR)/RottenTomatoesDemo.app/RottenTomatoesDemo";
				FRAMEWORK_SEARCH_PATHS = (
					"$(SDKROOT)/Developer/Library/Frameworks",
					"$(inherited)",
					"$(DEVELOPER_FRAMEWORKS_DIR)",
				);
				GCC_PRECOMPILE_PREFIX_HEADER = YES;
				GCC_PREFIX_HEADER = "RottenTomatoesDemo/RottenTomatoesDemo-Prefix.pch";
				INFOPLIST_FILE = "RottenTomatoesDemoTests/RottenTomatoesDemoTests-Info.plist";
				PRODUCT_NAME = "$(TARGET_NAME)";
				TEST_HOST = "$(BUNDLE_LOADER)";
				WRAPPER_EXTENSION = xctest;
			};
			name = Release;
		};
/* End XCBuildConfiguration section */

/* Begin XCConfigurationList section */
		CCD5B6DB19401F300052B571 /* Build configuration list for PBXProject "RottenTomatoesDemo" */ = {
			isa = XCConfigurationList;
			buildConfigurations = (
				CCD5B70A19401F300052B571 /* Debug */,
				CCD5B70B19401F300052B571 /* Release */,
			);
			defaultConfigurationIsVisible = 0;
			defaultConfigurationName = Release;
		};
		CCD5B70C19401F300052B571 /* Build configuration list for PBXNativeTarget "RottenTomatoesDemo" */ = {
			isa = XCConfigurationList;
			buildConfigurations = (
				CCD5B70D19401F300052B571 /* Debug */,
				CCD5B70E19401F300052B571 /* Release */,
			);
			defaultConfigurationIsVisible = 0;
			defaultConfigurationName = Release;
		};
		CCD5B70F19401F300052B571 /* Build configuration list for PBXNativeTarget "RottenTomatoesDemoTests" */ = {
			isa = XCConfigurationList;
			buildConfigurations = (
				CCD5B71019401F300052B571 /* Debug */,
				CCD5B71119401F300052B571 /* Release */,
			);
			defaultConfigurationIsVisible = 0;
			defaultConfigurationName = Release;
		};
/* End XCConfigurationList section */
	};
	rootObject = CCD5B6D819401F300052B571 /* Project object */;
}
